{
 "graph_lock": {
  "nodes": {
   "0": {
    "ref": "UCSB/0.0.1",
    "options": "benchmark:enable_exceptions=True\nbenchmark:enable_lto=False\nbenchmark:fPIC=True\nbenchmark:shared=False\ncrc32c:fPIC=True\ncrc32c:shared=False\nfmt:fPIC=True\nfmt:header_only=False\nfmt:shared=False\nfmt:with_fmt_alias=False\nfmt:with_os_api=True\nleveldb:fPIC=True\nleveldb:shared=False\nleveldb:with_crc32c=True\nleveldb:with_snappy=True\nlmdb:enable_robust_mutex=True\nlmdb:fPIC=True\nlmdb:shared=False\nsnappy:fPIC=True\nsnappy:shared=False",
    "requires": [
     "1",
     "2",
     "3",
     "4",
     "7",
     "5"
    ],
    "path": "../conanfile.py",
    "context": "host"
   },
   "1": {
    "ref": "fmt/8.0.1",
    "options": "fPIC=True\nheader_only=False\nshared=False\nwith_fmt_alias=False\nwith_os_api=True",
    "package_id": "2c09c8f84c016041549fcee94e4caae5d89424b6",
    "prev": "0",
    "context": "host"
   },
   "2": {
    "ref": "benchmark/1.6.0",
    "options": "enable_exceptions=True\nenable_lto=False\nfPIC=True\nshared=False",
    "package_id": "1fa499dcb6ccf57733ed1f578fb1e1bd4cf858b1",
    "prev": "0",
    "context": "host"
   },
   "3": {
    "ref": "nlohmann_json/3.10.4",
    "options": "",
    "package_id": "5ab84d6acfe1f23c4fae0ab88f26e3a396351ac9",
    "prev": "0",
    "context": "host"
   },
   "4": {
    "ref": "leveldb/1.23",
    "options": "fPIC=True\nshared=False\nwith_crc32c=True\nwith_snappy=True\ncrc32c:fPIC=True\ncrc32c:shared=False\nsnappy:fPIC=True\nsnappy:shared=False",
    "package_id": "c520310e11cdd3a91c97b3b85775a9235e9918ad",
    "prev": "0",
    "requires": [
     "5",
     "6"
    ],
    "context": "host"
   },
   "5": {
    "ref": "snappy/1.1.9",
    "options": "fPIC=True\nshared=False",
    "package_id": "6557f18ca99c0b6a233f43db00e30efaa525e27e",
    "prev": "0",
    "context": "host"
   },
   "6": {
    "ref": "crc32c/1.1.2",
    "options": "fPIC=True\nshared=False",
    "package_id": "6557f18ca99c0b6a233f43db00e30efaa525e27e",
    "prev": "0",
    "context": "host"
   },
   "7": {
    "ref": "lmdb/0.9.29",
    "options": "enable_robust_mutex=True\nfPIC=True\nshared=False",
    "package_id": "d2a650a4e4d9d78e47b2c3b961fbd52439cb7681",
    "prev": "0",
    "context": "host"
   }
  },
  "revisions_enabled": false
 },
 "version": "0.4",
 "profile_host": "[settings]\narch=x86_64\narch_build=x86_64\nbuild_type=Release\ncompiler=gcc\ncompiler.libcxx=libstdc++11\ncompiler.version=11\nos=Linux\nos_build=Linux\n[options]\n[build_requires]\n[env]\n"
}